// !$*UTF8*$!
{
	archiveVersion = 1;
	classes = {
	};
	objectVersion = 46;
	objects = {

/* Begin PBXBuildFile section */
		AA95FAF31B0273EA00CED5A4 /* AppDelegate.swift in Sources */ = {isa = PBXBuildFile; fileRef = AA95FAF21B0273EA00CED5A4 /* AppDelegate.swift */; };
		AA95FAF51B0273EA00CED5A4 /* Images.xcassets in Resources */ = {isa = PBXBuildFile; fileRef = AA95FAF41B0273EA00CED5A4 /* Images.xcassets */; };
		AA95FAF81B0273EA00CED5A4 /* MainMenu.xib in Resources */ = {isa = PBXBuildFile; fileRef = AA95FAF61B0273EA00CED5A4 /* MainMenu.xib */; };
		AA95FB041B0273EA00CED5A4 /* TranzportMacTests.swift in Sources */ = {isa = PBXBuildFile; fileRef = AA95FB031B0273EA00CED5A4 /* TranzportMacTests.swift */; };
/* End PBXBuildFile section */

/* Begin PBXContainerItemProxy section */
		AA95FAFE1B0273EA00CED5A4 /* PBXContainerItemProxy */ = {
			isa = PBXContainerItemProxy;
			containerPortal = AA95FAE51B0273EA00CED5A4 /* Project object */;
			proxyType = 1;
			remoteGlobalIDString = AA95FAEC1B0273EA00CED5A4;
			remoteInfo = TranzportMac;
		};
/* End PBXContainerItemProxy section */

/* Begin PBXFileReference section */
		AA95FAED1B0273EA00CED5A4 /* TranzportMac.app */ = {isa = PBXFileReference; explicitFileType = wrapper.application; includeInIndex = 0; path = TranzportMac.app; sourceTree = BUILT_PRODUCTS_DIR; };
		AA95FAF11B0273EA00CED5A4 /* Info.plist */ = {isa = PBXFileReference; lastKnownFileType = text.plist.xml; path = Info.plist; sourceTree = "<group>"; };
		AA95FAF21B0273EA00CED5A4 /* AppDelegate.swift */ = {isa = PBXFileReference; lastKnownFileType = sourcecode.swift; path = AppDelegate.swift; sourceTree = "<group>"; };
		AA95FAF41B0273EA00CED5A4 /* Images.xcassets */ = {isa = PBXFileReference; lastKnownFileType = folder.assetcatalog; path = Images.xcassets; sourceTree = "<group>"; };
		AA95FAF71B0273EA00CED5A4 /* Base */ = {isa = PBXFileReference; lastKnownFileType = file.xib; name = Base; path = Base.lproj/MainMenu.xib; sourceTree = "<group>"; };
		AA95FAFD1B0273EA00CED5A4 /* TranzportMacTests.xctest */ = {isa = PBXFileReference; explicitFileType = wrapper.cfbundle; includeInIndex = 0; path = TranzportMacTests.xctest; sourceTree = BUILT_PRODUCTS_DIR; };
		AA95FB021B0273EA00CED5A4 /* Info.plist */ = {isa = PBXFileReference; lastKnownFileType = text.plist.xml; path = Info.plist; sourceTree = "<group>"; };
		AA95FB031B0273EA00CED5A4 /* TranzportMacTests.swift */ = {isa = PBXFileReference; lastKnownFileType = sourcecode.swift; path = TranzportMacTests.swift; sourceTree = "<group>"; };
/* End PBXFileReference section */

/* Begin PBXFrameworksBuildPhase section */
		AA95FAEA1B0273EA00CED5A4 /* Frameworks */ = {
			isa = PBXFrameworksBuildPhase;
			buildActionMask = 2147483647;
			files = (
			);
			runOnlyForDeploymentPostprocessing = 0;
		};
		AA95FAFA1B0273EA00CED5A4 /* Frameworks */ = {
			isa = PBXFrameworksBuildPhase;
			buildActionMask = 2147483647;
			files = (
			);
			runOnlyForDeploymentPostprocessing = 0;
		};
/* End PBXFrameworksBuildPhase section */

/* Begin PBXGroup section */
		AA95FAE41B0273EA00CED5A4 = {
			isa = PBXGroup;
			children = (
				AA95FAEF1B0273EA00CED5A4 /* TranzportMac */,
				AA95FB001B0273EA00CED5A4 /* TranzportMacTests */,
				AA95FAEE1B0273EA00CED5A4 /* Products */,
			);
			sourceTree = "<group>";
		};
		AA95FAEE1B0273EA00CED5A4 /* Products */ = {
			isa = PBXGroup;
			children = (
				AA95FAED1B0273EA00CED5A4 /* TranzportMac.app */,
				AA95FAFD1B0273EA00CED5A4 /* TranzportMacTests.xctest */,
			);
			name = Products;
			sourceTree = "<group>";
		};
		AA95FAEF1B0273EA00CED5A4 /* TranzportMac */ = {
			isa = PBXGroup;
			children = (
				AA95FAF21B0273EA00CED5A4 /* AppDelegate.swift */,
				AA95FAF41B0273EA00CED5A4 /* Images.xcassets */,
				AA95FAF61B0273EA00CED5A4 /* MainMenu.xib */,
				AA95FAF01B0273EA00CED5A4 /* Supporting Files */,
			);
			path = TranzportMac;
			sourceTree = "<group>";
		};
		AA95FAF01B0273EA00CED5A4 /* Supporting Files */ = {
			isa = PBXGroup;
			children = (
				AA95FAF11B0273EA00CED5A4 /* Info.plist */,
			);
			name = "Supporting Files";
			sourceTree = "<group>";
		};
		AA95FB001B0273EA00CED5A4 /* TranzportMacTests */ = {
			isa = PBXGroup;
			children = (
				AA95FB031B0273EA00CED5A4 /* TranzportMacTests.swift */,
				AA95FB011B0273EA00CED5A4 /* Supporting Files */,
			);
			path = TranzportMacTests;
			sourceTree = "<group>";
		};
		AA95FB011B0273EA00CED5A4 /* Supporting Files */ = {
			isa = PBXGroup;
			children = (
				AA95FB021B0273EA00CED5A4 /* Info.plist */,
			);
			name = "Supporting Files";
			sourceTree = "<group>";
		};
/* End PBXGroup section */

/* Begin PBXNativeTarget section */
		AA95FAEC1B0273EA00CED5A4 /* TranzportMac */ = {
			isa = PBXNativeTarget;
			buildConfigurationList = AA95FB071B0273EA00CED5A4 /* Build configuration list for PBXNativeTarget "TranzportMac" */;
			buildPhases = (
				AA95FAE91B0273EA00CED5A4 /* Sources */,
				AA95FAEA1B0273EA00CED5A4 /* Frameworks */,
				AA95FAEB1B0273EA00CED5A4 /* Resources */,
			);
			buildRules = (
			);
			dependencies = (
			);
			name = TranzportMac;
			productName = TranzportMac;
			productReference = AA95FAED1B0273EA00CED5A4 /* TranzportMac.app */;
			productType = "com.apple.product-type.application";
		};
		AA95FAFC1B0273EA00CED5A4 /* TranzportMacTests */ = {
			isa = PBXNativeTarget;
			buildConfigurationList = AA95FB0A1B0273EA00CED5A4 /* Build configuration list for PBXNativeTarget "TranzportMacTests" */;
			buildPhases = (
				AA95FAF91B0273EA00CED5A4 /* Sources */,
				AA95FAFA1B0273EA00CED5A4 /* Frameworks */,
				AA95FAFB1B0273EA00CED5A4 /* Resources */,
			);
			buildRules = (
			);
			dependencies = (
				AA95FAFF1B0273EA00CED5A4 /* PBXTargetDependency */,
			);
			name = TranzportMacTests;
			productName = TranzportMacTests;
			productReference = AA95FAFD1B0273EA00CED5A4 /* TranzportMacTests.xctest */;
			productType = "com.apple.product-type.bundle.unit-test";
		};
/* End PBXNativeTarget section */

/* Begin PBXProject section */
		AA95FAE51B0273EA00CED5A4 /* Project object */ = {
			isa = PBXProject;
			attributes = {
				LastUpgradeCheck = 0630;
				ORGANIZATIONNAME = "Stephan Rabanser";
				TargetAttributes = {
					AA95FAEC1B0273EA00CED5A4 = {
						CreatedOnToolsVersion = 6.3.1;
					};
					AA95FAFC1B0273EA00CED5A4 = {
						CreatedOnToolsVersion = 6.3.1;
						TestTargetID = AA95FAEC1B0273EA00CED5A4;
					};
				};
			};
			buildConfigurationList = AA95FAE81B0273EA00CED5A4 /* Build configuration list for PBXProject "TranzportMac" */;
			compatibilityVersion = "Xcode 3.2";
			developmentRegion = English;
			hasScannedForEncodings = 0;
			knownRegions = (
				en,
				Base,
			);
			mainGroup = AA95FAE41B0273EA00CED5A4;
			productRefGroup = AA95FAEE1B0273EA00CED5A4 /* Products */;
			projectDirPath = "";
			projectRoot = "";
			targets = (
				AA95FAEC1B0273EA00CED5A4 /* TranzportMac */,
				AA95FAFC1B0273EA00CED5A4 /* TranzportMacTests */,
			);
		};
/* End PBXProject section */

/* Begin PBXResourcesBuildPhase section */
		AA95FAEB1B0273EA00CED5A4 /* Resources */ = {
			isa = PBXResourcesBuildPhase;
			buildActionMask = 2147483647;
			files = (
				AA95FAF51B0273EA00CED5A4 /* Images.xcassets in Resources */,
				AA95FAF81B0273EA00CED5A4 /* MainMenu.xib in Resources */,
			);
			runOnlyForDeploymentPostprocessing = 0;
		};
		AA95FAFB1B0273EA00CED5A4 /* Resources */ = {
			isa = PBXResourcesBuildPhase;
			buildActionMask = 2147483647;
			files = (
			);
			runOnlyForDeploymentPostprocessing = 0;
		};
/* End PBXResourcesBuildPhase section */

/* Begin PBXSourcesBuildPhase section */
		AA95FAE91B0273EA00CED5A4 /* Sources */ = {
			isa = PBXSourcesBuildPhase;
			buildActionMask = 2147483647;
			files = (
				AA95FAF31B0273EA00CED5A4 /* AppDelegate.swift in Sources */,
			);
			runOnlyForDeploymentPostprocessing = 0;
		};
		AA95FAF91B0273EA00CED5A4 /* Sources */ = {
			isa = PBXSourcesBuildPhase;
			buildActionMask = 2147483647;
			files = (
				AA95FB041B0273EA00CED5A4 /* TranzportMacTests.swift in Sources */,
			);
			runOnlyForDeploymentPostprocessing = 0;
		};
/* End PBXSourcesBuildPhase section */

/* Begin PBXTargetDependency section */
		AA95FAFF1B0273EA00CED5A4 /* PBXTargetDependency */ = {
			isa = PBXTargetDependency;
			target = AA95FAEC1B0273EA00CED5A4 /* TranzportMac */;
			targetProxy = AA95FAFE1B0273EA00CED5A4 /* PBXContainerItemProxy */;
		};
/* End PBXTargetDependency section */

/* Begin PBXVariantGroup section */
		AA95FAF61B0273EA00CED5A4 /* MainMenu.xib */ = {
			isa = PBXVariantGroup;
			children = (
				AA95FAF71B0273EA00CED5A4 /* Base */,
			);
			name = MainMenu.xib;
			sourceTree = "<group>";
		};
/* End PBXVariantGroup section */

/* Begin XCBuildConfiguration section */
		AA95FB051B0273EA00CED5A4 /* Debug */ = {
			isa = XCBuildConfiguration;
			buildSettings = {
				ALWAYS_SEARCH_USER_PATHS = NO;
				CLANG_CXX_LANGUAGE_STANDARD = "gnu++0x";
				CLANG_CXX_LIBRARY = "libc++";
				CLANG_ENABLE_MODULES = YES;
				CLANG_ENABLE_OBJC_ARC = YES;
				CLANG_WARN_BOOL_CONVERSION = YES;
				CLANG_WARN_CONSTANT_CONVERSION = YES;
				CLANG_WARN_DIRECT_OBJC_ISA_USAGE = YES_ERROR;
				CLANG_WARN_EMPTY_BODY = YES;
				CLANG_WARN_ENUM_CONVERSION = YES;
				CLANG_WARN_INT_CONVERSION = YES;
				CLANG_WARN_OBJC_ROOT_CLASS = YES_ERROR;
				CLANG_WARN_UNREACHABLE_CODE = YES;
				CLANG_WARN__DUPLICATE_METHOD_MATCH = YES;
				CODE_SIGN_IDENTITY = "-";
				COPY_PHASE_STRIP = NO;
				DEBUG_INFORMATION_FORMAT = dwarf;
				ENABLE_STRICT_OBJC_MSGSEND = YES;
				GCC_C_LANGUAGE_STANDARD = gnu99;
				GCC_DYNAMIC_NO_PIC = NO;
				GCC_NO_COMMON_BLOCKS = YES;
				GCC_OPTIMIZATION_LEVEL = 0;
				GCC_PREPROCESSOR_DEFINITIONS = (
					"DEBUG=1",
					"$(inherited)",
				);
				GCC_SYMBOLS_PRIVATE_EXTERN = NO;
				GCC_WARN_64_TO_32_BIT_CONVERSION = YES;
				GCC_WARN_ABOUT_RETURN_TYPE = YES_ERROR;
				GCC_WARN_UNDECLARED_SELECTOR = YES;
				GCC_WARN_UNINITIALIZED_AUTOS = YES_AGGRESSIVE;
				GCC_WARN_UNUSED_FUNCTION = YES;
				GCC_WARN_UNUSED_VARIABLE = YES;
				MACOSX_DEPLOYMENT_TARGET = 10.10;
				MTL_ENABLE_DEBUG_INFO = YES;
				ONLY_ACTIVE_ARCH = YES;
				SDKROOT = macosx;
				SWIFT_OPTIMIZATION_LEVEL = "-Onone";
			};
			name = Debug;
		};
		AA95FB061B0273EA00CED5A4 /* Release */ = {
			isa = XCBuildConfiguration;
			buildSettings = {
				ALWAYS_SEARCH_USER_PATHS = NO;
				CLANG_CXX_LANGUAGE_STANDARD = "gnu++0x";
				CLANG_CXX_LIBRARY = "libc++";
				CLANG_ENABLE_MODULES = YES;
				CLANG_ENABLE_OBJC_ARC = YES;
				CLANG_WARN_BOOL_CONVERSION = YES;
				CLANG_WARN_CONSTANT_CONVERSION = YES;
				CLANG_WARN_DIRECT_OBJC_ISA_USAGE = YES_ERROR;
				CLANG_WARN_EMPTY_BODY = YES;
				CLANG_WARN_ENUM_CONVERSION = YES;
				CLANG_WARN_INT_CONVERSION = YES;
				CLANG_WARN_OBJC_ROOT_CLASS = YES_ERROR;
				CLANG_WARN_UNREACHABLE_CODE = YES;
				CLANG_WARN__DUPLICATE_METHOD_MATCH = YES;
				CODE_SIGN_IDENTITY = "-";
				COPY_PHASE_STRIP = NO;
				DEBUG_INFORMATION_FORMAT = "dwarf-with-dsym";
				ENABLE_NS_ASSERTIONS = NO;
				ENABLE_STRICT_OBJC_MSGSEND = YES;
				GCC_C_LANGUAGE_STANDARD = gnu99;
				GCC_NO_COMMON_BLOCKS = YES;
				GCC_WARN_64_TO_32_BIT_CONVERSION = YES;
				GCC_WARN_ABOUT_RETURN_TYPE = YES_ERROR;
				GCC_WARN_UNDECLARED_SELECTOR = YES;
				GCC_WARN_UNINITIALIZED_AUTOS = YES_AGGRESSIVE;
				GCC_WARN_UNUSED_FUNCTION = YES;
				GCC_WARN_UNUSED_VARIABLE = YES;
				MACOSX_DEPLOYMENT_TARGET = 10.10;
				MTL_ENABLE_DEBUG_INFO = NO;
				SDKROOT = macosx;
			};
			name = Release;
		};
		AA95FB081B0273EA00CED5A4 /* Debug */ = {
			isa = XCBuildConfiguration;
			buildSettings = {
				ASSETCATALOG_COMPILER_APPICON_NAME = AppIcon;
				COMBINE_HIDPI_IMAGES = YES;
				INFOPLIST_FILE = TranzportMac/Info.plist;
				LD_RUNPATH_SEARCH_PATHS = "$(inherited) @executable_path/../Frameworks";
				PRODUCT_NAME = "$(TARGET_NAME)";
			};
			name = Debug;
		};
		AA95FB091B0273EA00CED5A4 /* Release */ = {
			isa = XCBuildConfiguration;
			buildSettings = {
				ASSETCATALOG_COMPILER_APPICON_NAME = AppIcon;
				COMBINE_HIDPI_IMAGES = YES;
				INFOPLIST_FILE = TranzportMac/Info.plist;
				LD_RUNPATH_SEARCH_PATHS = "$(inherited) @executable_path/../Frameworks";
				PRODUCT_NAME = "$(TARGET_NAME)";
			};
			name = Release;
		};
		AA95FB0B1B0273EA00CED5A4 /* Debug */ = {
			isa = XCBuildConfiguration;
			buildSettings = {
				BUNDLE_LOADER = "$(TEST_HOST)";
				COMBINE_HIDPI_IMAGES = YES;
				FRAMEWORK_SEARCH_PATHS = (
					"$(DEVELOPER_FRAMEWORKS_DIR)",
					"$(inherited)",
				);
				GCC_PREPROCESSOR_DEFINITIONS = (
					"DEBUG=1",
					"$(inherited)",
				);
				INFOPLIST_FILE = TranzportMacTests/Info.plist;
				LD_RUNPATH_SEARCH_PATHS = "$(inherited) @executable_path/../Frameworks @loader_path/../Frameworks";
				PRODUCT_NAME = "$(TARGET_NAME)";
				TEST_HOST = "$(BUILT_PRODUCTS_DIR)/TranzportMac.app/Contents/MacOS/TranzportMac";
			};
			name = Debug;
		};
		AA95FB0C1B0273EA00CED5A4 /* Release */ = {
			isa = XCBuildConfiguration;
			buildSettings = {
				BUNDLE_LOADER = "$(TEST_HOST)";
				COMBINE_HIDPI_IMAGES = YES;
				FRAMEWORK_SEARCH_PATHS = (
					"$(DEVELOPER_FRAMEWORKS_DIR)",
					"$(inherited)",
				);
				INFOPLIST_FILE = TranzportMacTests/Info.plist;
				LD_RUNPATH_SEARCH_PATHS = "$(inherited) @executable_path/../Frameworks @loader_path/../Frameworks";
				PRODUCT_NAME = "$(TARGET_NAME)";
				TEST_HOST = "$(BUILT_PRODUCTS_DIR)/TranzportMac.app/Contents/MacOS/TranzportMac";
			};
			name = Release;
		};
/* End XCBuildConfiguration section */

/* Begin XCConfigurationList section */
		AA95FAE81B0273EA00CED5A4 /* Build configuration list for PBXProject "TranzportMac" */ = {
			isa = XCConfigurationList;
			buildConfigurations = (
				AA95FB051B0273EA00CED5A4 /* Debug */,
				AA95FB061B0273EA00CED5A4 /* Release */,
			);
			defaultConfigurationIsVisible = 0;
			defaultConfigurationName = Release;
		};
		AA95FB071B0273EA00CED5A4 /* Build configuration list for PBXNativeTarget "TranzportMac" */ = {
			isa = XCConfigurationList;
			buildConfigurations = (
				AA95FB081B0273EA00CED5A4 /* Debug */,
				AA95FB091B0273EA00CED5A4 /* Release */,
			);
			defaultConfigurationIsVisible = 0;
		};
		AA95FB0A1B0273EA00CED5A4 /* Build configuration list for PBXNativeTarget "TranzportMacTests" */ = {
			isa = XCConfigurationList;
			buildConfigurations = (
				AA95FB0B1B0273EA00CED5A4 /* Debug */,
				AA95FB0C1B0273EA00CED5A4 /* Release */,
			);
			defaultConfigurationIsVisible = 0;
		};
/* End XCConfigurationList section */
	};
	rootObject = AA95FAE51B0273EA00CED5A4 /* Project object */;
}
